dependencies:
- name: lilnginx
  repository: pinned://new-org-who-dis.github.io/crts/
  version: 2.0.0+sha256-b9affbf12bf62f8fc80ba6701729a153ffd5d07809683a62d0cce67f781b53de
digest: sha256:4a805645bb6e00536e206dc5d7fa051add81ea5ebdb035bd3e65776e4e9c36ec
generated: "2023-10-26T16:46:19.826636897-04:00"
